
Microsoft Visual Studio Solution File, Format Version 12.00
# Visual Studio Version 16
VisualStudioVersion = 16.0.30011.22
MinimumVisualStudioVersion = 10.0.40219.1
Project("{FAE04EC0-301F-11D3-BF4B-00C04F79EFBC}") = "Server", "AsyncSRV\Server.csproj", "{71A015B8-A8EA-4A52-8215-FC3DFDE40A0B}"
EndProject
Project("{FAE04EC0-301F-11D3-BF4B-00C04F79EFBC}") = "Client", "Client\Client.csproj", "{1F57DEA2-5AAA-441E-82E0-F900144DEC3D}"
EndProject
Global
	GlobalSection(SolutionConfigurationPlatforms) = preSolution
		Debug|Any CPU = Debug|Any CPU
		Release|Any CPU = Release|Any CPU
	EndGlobalSection
	GlobalSection(ProjectConfigurationPlatforms) = postSolution
		{71A015B8-A8EA-4A52-8215-FC3DFDE40A0B}.Debug|Any CPU.ActiveCfg = Debug|Any CPU
		{71A015B8-A8EA-4A52-8215-FC3DFDE40A0B}.Debug|Any CPU.Build.0 = Debug|Any CPU
		{71A015B8-A8EA-4A52-8215-FC3DFDE40A0B}.Release|Any CPU.ActiveCfg = Release|Any CPU
		{71A015B8-A8EA-4A52-8215-FC3DFDE40A0B}.Release|Any CPU.Build.0 = Release|Any CPU
		{1F57DEA2-5AAA-441E-82E0-F900144DEC3D}.Debug|Any CPU.ActiveCfg = Debug|Any CPU
		{1F57DEA2-5AAA-441E-82E0-F900144DEC3D}.Debug|Any CPU.Build.0 = Debug|Any CPU
		{1F57DEA2-5AAA-441E-82E0-F900144DEC3D}.Release|Any CPU.ActiveCfg = Release|Any CPU
		{1F57DEA2-5AAA-441E-82E0-F900144DEC3D}.Release|Any CPU.Build.0 = Release|Any CPU
	EndGlobalSection
	GlobalSection(SolutionProperties) = preSolution
		HideSolutionNode = FALSE
	EndGlobalSection
	GlobalSection(ExtensibilityGlobals) = postSolution
		SolutionGuid = {A940DBFE-3FDA-45E9-8802-2941653D46BF}
	EndGlobalSection
EndGlobal
